// !$*UTF8*$!
{
	archiveVersion = 1;
	classes = {
	};
	objectVersion = 56;
	objects = {

/* Begin PBXBuildFile section */
		2B0AE66B2CDFBD420073A036 /* NetworkService.swift in Sources */ = {isa = PBXBuildFile; fileRef = 2B0AE66A2CDFBD420073A036 /* NetworkService.swift */; };
		2B0AE66E2CDFBDBB0073A036 /* ViewModel.swift in Sources */ = {isa = PBXBuildFile; fileRef = 2B0AE66D2CDFBDBB0073A036 /* ViewModel.swift */; };
		2B0AE6712CE0B2F20073A036 /* AudioState.swift in Sources */ = {isa = PBXBuildFile; fileRef = 2B0AE6702CE0B2F20073A036 /* AudioState.swift */; };
		2B0AE6742CE0B9380073A036 /* MusicController.swift in Sources */ = {isa = PBXBuildFile; fileRef = 2B0AE6732CE0B9380073A036 /* MusicController.swift */; };
		2B0E02F32D8DB1DE00BD53AC /* Logger.swift in Sources */ = {isa = PBXBuildFile; fileRef = 2B0E02F22D8DB1DE00BD53AC /* Logger.swift */; };
		2B1D17762CE63347001B6147 /* SleepTimerButton.swift in Sources */ = {isa = PBXBuildFile; fileRef = 2B1D17752CE63347001B6147 /* SleepTimerButton.swift */; };
		2B1D17782CE63378001B6147 /* MusicControlsView.swift in Sources */ = {isa = PBXBuildFile; fileRef = 2B1D17772CE63378001B6147 /* MusicControlsView.swift */; };
		2B1D177B2CE633C8001B6147 /* RemoteImage.swift in Sources */ = {isa = PBXBuildFile; fileRef = 2B1D177A2CE633C8001B6147 /* RemoteImage.swift */; };
		2B1D177D2CE6341A001B6147 /* PlaylistView.swift in Sources */ = {isa = PBXBuildFile; fileRef = 2B1D177C2CE6341A001B6147 /* PlaylistView.swift */; };
		2B1D177F2CE634AD001B6147 /* Models.swift in Sources */ = {isa = PBXBuildFile; fileRef = 2B1D177E2CE634AD001B6147 /* Models.swift */; };
		2B1D17812CE634CC001B6147 /* Color.swift in Sources */ = {isa = PBXBuildFile; fileRef = 2B1D17802CE634CC001B6147 /* Color.swift */; };
		2B1D17842CE74333001B6147 /* AudioOutputIcon.swift in Sources */ = {isa = PBXBuildFile; fileRef = 2B1D17832CE74333001B6147 /* AudioOutputIcon.swift */; };
		2B1D17862CE754B8001B6147 /* MuteButton.swift in Sources */ = {isa = PBXBuildFile; fileRef = 2B1D17852CE754B8001B6147 /* MuteButton.swift */; };
		2B35E86D2CE363B5000FC2D5 /* GStreamerController.swift in Sources */ = {isa = PBXBuildFile; fileRef = 2B35E86C2CE363B4000FC2D5 /* GStreamerController.swift */; };
		2B3BDCEE2D90523B00E38C36 /* OsMediaPlayerController.swift in Sources */ = {isa = PBXBuildFile; fileRef = 2B3BDCED2D90523B00E38C36 /* OsMediaPlayerController.swift */; };
		2B3BDCF02D90599A00E38C36 /* NowPlayingMediator.swift in Sources */ = {isa = PBXBuildFile; fileRef = 2B3BDCEF2D90599A00E38C36 /* NowPlayingMediator.swift */; };
		2B48C3192CE250BD00AB08D9 /* SpotifyAPI in Frameworks */ = {isa = PBXBuildFile; productRef = 2B48C3182CE250BD00AB08D9 /* SpotifyAPI */; };
		2B48C31C2CE2510D00AB08D9 /* SpotifyController.swift in Sources */ = {isa = PBXBuildFile; fileRef = 2B48C31B2CE2510D00AB08D9 /* SpotifyController.swift */; };
		2B48C31F2CE2516700AB08D9 /* KeychainAccess in Frameworks */ = {isa = PBXBuildFile; productRef = 2B48C31E2CE2516700AB08D9 /* KeychainAccess */; };
		2B49A9072CDA2A3100734789 /* SleepStreamApp.swift in Sources */ = {isa = PBXBuildFile; fileRef = 2B49A9062CDA2A3100734789 /* SleepStreamApp.swift */; };
		2B49A90B2CDA2A3300734789 /* Assets.xcassets in Resources */ = {isa = PBXBuildFile; fileRef = 2B49A90A2CDA2A3300734789 /* Assets.xcassets */; };
		2B49A9162CDA2A8500734789 /* GStreamer.framework in Frameworks */ = {isa = PBXBuildFile; fileRef = 2B49A9152CDA2A8500734789 /* GStreamer.framework */; };
		2B49A91D2CDA2AF200734789 /* libiconv.2.tbd in Frameworks */ = {isa = PBXBuildFile; fileRef = 2B49A91A2CDA2AA600734789 /* libiconv.2.tbd */; };
		2B49A9212CDA2B1300734789 /* gst_ios_init.m in Sources */ = {isa = PBXBuildFile; fileRef = 2B49A91F2CDA2B1300734789 /* gst_ios_init.m */; };
		2B7020882ED63EB50002AD8E /* GStreamerBackend.m in Sources */ = {isa = PBXBuildFile; fileRef = 2B7020872ED63EB50002AD8E /* GStreamerBackend.m */; };
		2B86D4D12CF3837D00E79918 /* ShuffleButton.swift in Sources */ = {isa = PBXBuildFile; fileRef = 2B86D4D02CF3837D00E79918 /* ShuffleButton.swift */; };
		2BB24D002CE8CAD800786E1C /* RoundedCornerRectangle.swift in Sources */ = {isa = PBXBuildFile; fileRef = 2BB24CFF2CE8CAD800786E1C /* RoundedCornerRectangle.swift */; };
		2BB24D022CE8CB1000786E1C /* Path.swift in Sources */ = {isa = PBXBuildFile; fileRef = 2BB24D012CE8CB1000786E1C /* Path.swift */; };
		2BB24D042CE8D26300786E1C /* LiveStreamView.swift in Sources */ = {isa = PBXBuildFile; fileRef = 2BB24D032CE8D26300786E1C /* LiveStreamView.swift */; };
		2BDAEF712CE7616C0075CC11 /* ClearBackground.swift in Sources */ = {isa = PBXBuildFile; fileRef = 2BDAEF702CE7616C0075CC11 /* ClearBackground.swift */; };
		2BDAEF732CE76D750075CC11 /* TabPanel.swift in Sources */ = {isa = PBXBuildFile; fileRef = 2BDAEF722CE76D750075CC11 /* TabPanel.swift */; };
		2BDAEF752CE76EF60075CC11 /* NowPlayingView.swift in Sources */ = {isa = PBXBuildFile; fileRef = 2BDAEF742CE76EF60075CC11 /* NowPlayingView.swift */; };
		2BF07A942CDA497F007D56F7 /* GStreamerVideoBackend.m in Sources */ = {isa = PBXBuildFile; fileRef = 2BF07A912CDA497F007D56F7 /* GStreamerVideoBackend.m */; };
		2BF07A952CDA497F007D56F7 /* GStreamerBackendDelegate.swift in Sources */ = {isa = PBXBuildFile; fileRef = 2BF07A932CDA497F007D56F7 /* GStreamerBackendDelegate.swift */; };
		2BF07A982CDA4986007D56F7 /* UIViewWrapper.swift in Sources */ = {isa = PBXBuildFile; fileRef = 2BF07A962CDA4985007D56F7 /* UIViewWrapper.swift */; };
		2BF07A992CDA4986007D56F7 /* LiveStreamController.swift in Sources */ = {isa = PBXBuildFile; fileRef = 2BF07A972CDA4986007D56F7 /* LiveStreamController.swift */; };
		2BF07A9C2CDA6AA0007D56F7 /* GStreamerAudioBackend.m in Sources */ = {isa = PBXBuildFile; fileRef = 2BF07A9B2CDA6AA0007D56F7 /* GStreamerAudioBackend.m */; };
		2BF07A9E2CDA6B46007D56F7 /* MainView.swift in Sources */ = {isa = PBXBuildFile; fileRef = 2BF07A9D2CDA6B46007D56F7 /* MainView.swift */; };
		2BF07AA02CDA6C2C007D56F7 /* AudioOutputController.swift in Sources */ = {isa = PBXBuildFile; fileRef = 2BF07A9F2CDA6C2C007D56F7 /* AudioOutputController.swift */; };
/* End PBXBuildFile section */

/* Begin PBXFileReference section */
		2B0AE66A2CDFBD420073A036 /* NetworkService.swift */ = {isa = PBXFileReference; lastKnownFileType = sourcecode.swift; path = NetworkService.swift; sourceTree = "<group>"; };
		2B0AE66D2CDFBDBB0073A036 /* ViewModel.swift */ = {isa = PBXFileReference; lastKnownFileType = sourcecode.swift; path = ViewModel.swift; sourceTree = "<group>"; };
		2B0AE6702CE0B2F20073A036 /* AudioState.swift */ = {isa = PBXFileReference; lastKnownFileType = sourcecode.swift; path = AudioState.swift; sourceTree = "<group>"; };
		2B0AE6732CE0B9380073A036 /* MusicController.swift */ = {isa = PBXFileReference; lastKnownFileType = sourcecode.swift; path = MusicController.swift; sourceTree = "<group>"; };
		2B0E02F22D8DB1DE00BD53AC /* Logger.swift */ = {isa = PBXFileReference; lastKnownFileType = sourcecode.swift; path = Logger.swift; sourceTree = "<group>"; };
		2B1D17752CE63347001B6147 /* SleepTimerButton.swift */ = {isa = PBXFileReference; lastKnownFileType = sourcecode.swift; path = SleepTimerButton.swift; sourceTree = "<group>"; };
		2B1D17772CE63378001B6147 /* MusicControlsView.swift */ = {isa = PBXFileReference; lastKnownFileType = sourcecode.swift; path = MusicControlsView.swift; sourceTree = "<group>"; };
		2B1D177A2CE633C8001B6147 /* RemoteImage.swift */ = {isa = PBXFileReference; lastKnownFileType = sourcecode.swift; path = RemoteImage.swift; sourceTree = "<group>"; };
		2B1D177C2CE6341A001B6147 /* PlaylistView.swift */ = {isa = PBXFileReference; lastKnownFileType = sourcecode.swift; path = PlaylistView.swift; sourceTree = "<group>"; };
		2B1D177E2CE634AD001B6147 /* Models.swift */ = {isa = PBXFileReference; lastKnownFileType = sourcecode.swift; path = Models.swift; sourceTree = "<group>"; };
		2B1D17802CE634CC001B6147 /* Color.swift */ = {isa = PBXFileReference; lastKnownFileType = sourcecode.swift; path = Color.swift; sourceTree = "<group>"; };
		2B1D17832CE74333001B6147 /* AudioOutputIcon.swift */ = {isa = PBXFileReference; lastKnownFileType = sourcecode.swift; path = AudioOutputIcon.swift; sourceTree = "<group>"; };
		2B1D17852CE754B8001B6147 /* MuteButton.swift */ = {isa = PBXFileReference; lastKnownFileType = sourcecode.swift; path = MuteButton.swift; sourceTree = "<group>"; };
		2B35E86C2CE363B4000FC2D5 /* GStreamerController.swift */ = {isa = PBXFileReference; lastKnownFileType = sourcecode.swift; path = GStreamerController.swift; sourceTree = "<group>"; };
		2B3BDCED2D90523B00E38C36 /* OsMediaPlayerController.swift */ = {isa = PBXFileReference; lastKnownFileType = sourcecode.swift; path = OsMediaPlayerController.swift; sourceTree = "<group>"; };
		2B3BDCEF2D90599A00E38C36 /* NowPlayingMediator.swift */ = {isa = PBXFileReference; lastKnownFileType = sourcecode.swift; path = NowPlayingMediator.swift; sourceTree = "<group>"; };
		2B48C31B2CE2510D00AB08D9 /* SpotifyController.swift */ = {isa = PBXFileReference; lastKnownFileType = sourcecode.swift; path = SpotifyController.swift; sourceTree = "<group>"; };
		2B49A9032CDA2A3100734789 /* Care Chords.app */ = {isa = PBXFileReference; explicitFileType = wrapper.application; includeInIndex = 0; path = "Care Chords.app"; sourceTree = BUILT_PRODUCTS_DIR; };
		2B49A9062CDA2A3100734789 /* SleepStreamApp.swift */ = {isa = PBXFileReference; lastKnownFileType = sourcecode.swift; path = SleepStreamApp.swift; sourceTree = "<group>"; };
		2B49A90A2CDA2A3300734789 /* Assets.xcassets */ = {isa = PBXFileReference; lastKnownFileType = folder.assetcatalog; path = Assets.xcassets; sourceTree = "<group>"; };
		2B49A9152CDA2A8500734789 /* GStreamer.framework */ = {isa = PBXFileReference; lastKnownFileType = wrapper.framework; name = GStreamer.framework; path = ../../../../Library/Developer/GStreamer/iPhone.sdk/GStreamer.framework; sourceTree = "<group>"; };
		2B49A91A2CDA2AA600734789 /* libiconv.2.tbd */ = {isa = PBXFileReference; lastKnownFileType = "sourcecode.text-based-dylib-definition"; name = libiconv.2.tbd; path = usr/lib/libiconv.2.tbd; sourceTree = SDKROOT; };
		2B49A91E2CDA2B1200734789 /* SleepStream-Bridging-Header.h */ = {isa = PBXFileReference; lastKnownFileType = sourcecode.c.h; path = "SleepStream-Bridging-Header.h"; sourceTree = "<group>"; };
		2B49A91F2CDA2B1300734789 /* gst_ios_init.m */ = {isa = PBXFileReference; fileEncoding = 4; lastKnownFileType = sourcecode.c.objc; path = gst_ios_init.m; sourceTree = "<group>"; };
		2B49A9202CDA2B1300734789 /* gst_ios_init.h */ = {isa = PBXFileReference; fileEncoding = 4; lastKnownFileType = sourcecode.c.h; path = gst_ios_init.h; sourceTree = "<group>"; };
		2B7020862ED63EB50002AD8E /* GStreamerBackend.h */ = {isa = PBXFileReference; lastKnownFileType = sourcecode.c.h; path = GStreamerBackend.h; sourceTree = "<group>"; };
		2B7020872ED63EB50002AD8E /* GStreamerBackend.m */ = {isa = PBXFileReference; lastKnownFileType = sourcecode.c.objc; path = GStreamerBackend.m; sourceTree = "<group>"; };
		2B86D4D02CF3837D00E79918 /* ShuffleButton.swift */ = {isa = PBXFileReference; lastKnownFileType = sourcecode.swift; path = ShuffleButton.swift; sourceTree = "<group>"; };
		2BB24CFF2CE8CAD800786E1C /* RoundedCornerRectangle.swift */ = {isa = PBXFileReference; lastKnownFileType = sourcecode.swift; path = RoundedCornerRectangle.swift; sourceTree = "<group>"; };
		2BB24D012CE8CB1000786E1C /* Path.swift */ = {isa = PBXFileReference; fileEncoding = 4; lastKnownFileType = sourcecode.swift; path = Path.swift; sourceTree = "<group>"; };
		2BB24D032CE8D26300786E1C /* LiveStreamView.swift */ = {isa = PBXFileReference; lastKnownFileType = sourcecode.swift; path = LiveStreamView.swift; sourceTree = "<group>"; };
		2BDAEF702CE7616C0075CC11 /* ClearBackground.swift */ = {isa = PBXFileReference; fileEncoding = 4; lastKnownFileType = sourcecode.swift; path = ClearBackground.swift; sourceTree = "<group>"; };
		2BDAEF722CE76D750075CC11 /* TabPanel.swift */ = {isa = PBXFileReference; lastKnownFileType = sourcecode.swift; path = TabPanel.swift; sourceTree = "<group>"; };
		2BDAEF742CE76EF60075CC11 /* NowPlayingView.swift */ = {isa = PBXFileReference; lastKnownFileType = sourcecode.swift; path = NowPlayingView.swift; sourceTree = "<group>"; };
		2BF07A912CDA497F007D56F7 /* GStreamerVideoBackend.m */ = {isa = PBXFileReference; fileEncoding = 4; lastKnownFileType = sourcecode.c.objc; path = GStreamerVideoBackend.m; sourceTree = "<group>"; };
		2BF07A922CDA497F007D56F7 /* GStreamerVideoBackend.h */ = {isa = PBXFileReference; fileEncoding = 4; lastKnownFileType = sourcecode.c.h; path = GStreamerVideoBackend.h; sourceTree = "<group>"; };
		2BF07A932CDA497F007D56F7 /* GStreamerBackendDelegate.swift */ = {isa = PBXFileReference; fileEncoding = 4; lastKnownFileType = sourcecode.swift; path = GStreamerBackendDelegate.swift; sourceTree = "<group>"; };
		2BF07A962CDA4985007D56F7 /* UIViewWrapper.swift */ = {isa = PBXFileReference; fileEncoding = 4; lastKnownFileType = sourcecode.swift; path = UIViewWrapper.swift; sourceTree = "<group>"; };
		2BF07A972CDA4986007D56F7 /* LiveStreamController.swift */ = {isa = PBXFileReference; fileEncoding = 4; lastKnownFileType = sourcecode.swift; path = LiveStreamController.swift; sourceTree = "<group>"; };
		2BF07A9A2CDA6A88007D56F7 /* GStreamerAudioBackend.h */ = {isa = PBXFileReference; lastKnownFileType = sourcecode.c.h; path = GStreamerAudioBackend.h; sourceTree = "<group>"; };
		2BF07A9B2CDA6AA0007D56F7 /* GStreamerAudioBackend.m */ = {isa = PBXFileReference; lastKnownFileType = sourcecode.c.objc; path = GStreamerAudioBackend.m; sourceTree = "<group>"; };
		2BF07A9D2CDA6B46007D56F7 /* MainView.swift */ = {isa = PBXFileReference; lastKnownFileType = sourcecode.swift; path = MainView.swift; sourceTree = "<group>"; };
		2BF07A9F2CDA6C2C007D56F7 /* AudioOutputController.swift */ = {isa = PBXFileReference; lastKnownFileType = sourcecode.swift; path = AudioOutputController.swift; sourceTree = "<group>"; };
		2BF07AA12CDA6FD1007D56F7 /* Info.plist */ = {isa = PBXFileReference; lastKnownFileType = text.plist; path = Info.plist; sourceTree = "<group>"; };
/* End PBXFileReference section */

/* Begin PBXFrameworksBuildPhase section */
		2B49A9002CDA2A3100734789 /* Frameworks */ = {
			isa = PBXFrameworksBuildPhase;
			buildActionMask = 2147483647;
			files = (
				2B48C31F2CE2516700AB08D9 /* KeychainAccess in Frameworks */,
				2B49A91D2CDA2AF200734789 /* libiconv.2.tbd in Frameworks */,
				2B48C3192CE250BD00AB08D9 /* SpotifyAPI in Frameworks */,
				2B49A9162CDA2A8500734789 /* GStreamer.framework in Frameworks */,
			);
			runOnlyForDeploymentPostprocessing = 0;
		};
/* End PBXFrameworksBuildPhase section */

/* Begin PBXGroup section */
		2B0AE66F2CE0B24B0073A036 /* GStreamer */ = {
			isa = PBXGroup;
			children = (
				2B0AE6702CE0B2F20073A036 /* AudioState.swift */,
				2B49A9202CDA2B1300734789 /* gst_ios_init.h */,
				2B49A91F2CDA2B1300734789 /* gst_ios_init.m */,
				2BF07A9A2CDA6A88007D56F7 /* GStreamerAudioBackend.h */,
				2BF07A9B2CDA6AA0007D56F7 /* GStreamerAudioBackend.m */,
				2BF07A932CDA497F007D56F7 /* GStreamerBackendDelegate.swift */,
				2BF07A922CDA497F007D56F7 /* GStreamerVideoBackend.h */,
				2BF07A912CDA497F007D56F7 /* GStreamerVideoBackend.m */,
				2B49A91E2CDA2B1200734789 /* SleepStream-Bridging-Header.h */,
				2B7020862ED63EB50002AD8E /* GStreamerBackend.h */,
				2B7020872ED63EB50002AD8E /* GStreamerBackend.m */,
			);
			path = GStreamer;
			sourceTree = "<group>";
		};
		2B1D17722CE632F1001B6147 /* UI */ = {
			isa = PBXGroup;
			children = (
				2B1D17792CE63393001B6147 /* Common */,
				2B1D17732CE63305001B6147 /* Main */,
			);
			path = UI;
			sourceTree = "<group>";
		};
		2B1D17732CE63305001B6147 /* Main */ = {
			isa = PBXGroup;
			children = (
				2B1D17742CE63337001B6147 /* Components */,
				2B1D17822CE63504001B6147 /* Features */,
				2BF07A9D2CDA6B46007D56F7 /* MainView.swift */,
				2B0AE66D2CDFBDBB0073A036 /* ViewModel.swift */,
			);
			path = Main;
			sourceTree = "<group>";
		};
		2B1D17742CE63337001B6147 /* Components */ = {
			isa = PBXGroup;
			children = (
				2B1D17832CE74333001B6147 /* AudioOutputIcon.swift */,
				2B1D17852CE754B8001B6147 /* MuteButton.swift */,
				2B86D4D02CF3837D00E79918 /* ShuffleButton.swift */,
				2B1D17752CE63347001B6147 /* SleepTimerButton.swift */,
			);
			path = Components;
			sourceTree = "<group>";
		};
		2B1D17792CE63393001B6147 /* Common */ = {
			isa = PBXGroup;
			children = (
				2B0E02F22D8DB1DE00BD53AC /* Logger.swift */,
				2BDAEF702CE7616C0075CC11 /* ClearBackground.swift */,
				2B1D17802CE634CC001B6147 /* Color.swift */,
				2BB24D012CE8CB1000786E1C /* Path.swift */,
				2B1D177A2CE633C8001B6147 /* RemoteImage.swift */,
				2BB24CFF2CE8CAD800786E1C /* RoundedCornerRectangle.swift */,
				2BDAEF722CE76D750075CC11 /* TabPanel.swift */,
				2BF07A962CDA4985007D56F7 /* UIViewWrapper.swift */,
			);
			path = Common;
			sourceTree = "<group>";
		};
		2B1D17822CE63504001B6147 /* Features */ = {
			isa = PBXGroup;
			children = (
				2BB24D032CE8D26300786E1C /* LiveStreamView.swift */,
				2B1D17772CE63378001B6147 /* MusicControlsView.swift */,
				2BDAEF742CE76EF60075CC11 /* NowPlayingView.swift */,
				2B1D177C2CE6341A001B6147 /* PlaylistView.swift */,
			);
			path = Features;
			sourceTree = "<group>";
		};
		2B35E86B2CE362F5000FC2D5 /* Controllers */ = {
			isa = PBXGroup;
			children = (
				2B3BDCEF2D90599A00E38C36 /* NowPlayingMediator.swift */,
				2B3BDCED2D90523B00E38C36 /* OsMediaPlayerController.swift */,
				2BF07A9F2CDA6C2C007D56F7 /* AudioOutputController.swift */,
				2B35E86C2CE363B4000FC2D5 /* GStreamerController.swift */,
				2BF07A972CDA4986007D56F7 /* LiveStreamController.swift */,
				2B0AE6732CE0B9380073A036 /* MusicController.swift */,
				2B0AE66A2CDFBD420073A036 /* NetworkService.swift */,
				2B48C31B2CE2510D00AB08D9 /* SpotifyController.swift */,
			);
			path = Controllers;
			sourceTree = "<group>";
		};
		2B49A8FA2CDA2A3100734789 = {
			isa = PBXGroup;
			children = (
				2B49A9052CDA2A3100734789 /* SleepStream */,
				2B49A9042CDA2A3100734789 /* Products */,
				2B49A9142CDA2A8500734789 /* Frameworks */,
			);
			sourceTree = "<group>";
		};
		2B49A9042CDA2A3100734789 /* Products */ = {
			isa = PBXGroup;
			children = (
				2B49A9032CDA2A3100734789 /* Care Chords.app */,
			);
			name = Products;
			sourceTree = "<group>";
		};
		2B49A9052CDA2A3100734789 /* SleepStream */ = {
			isa = PBXGroup;
			children = (
				2B35E86B2CE362F5000FC2D5 /* Controllers */,
				2B0AE66F2CE0B24B0073A036 /* GStreamer */,
				2B1D17722CE632F1001B6147 /* UI */,
				2BF07AA12CDA6FD1007D56F7 /* Info.plist */,
				2B49A9062CDA2A3100734789 /* SleepStreamApp.swift */,
				2B1D177E2CE634AD001B6147 /* Models.swift */,
				2B49A90A2CDA2A3300734789 /* Assets.xcassets */,
			);
			path = SleepStream;
			sourceTree = "<group>";
		};
		2B49A9142CDA2A8500734789 /* Frameworks */ = {
			isa = PBXGroup;
			children = (
				2B49A9152CDA2A8500734789 /* GStreamer.framework */,
				2B49A91A2CDA2AA600734789 /* libiconv.2.tbd */,
			);
			name = Frameworks;
			sourceTree = "<group>";
		};
/* End PBXGroup section */

/* Begin PBXNativeTarget section */
		2B49A9022CDA2A3100734789 /* Care Chords */ = {
			isa = PBXNativeTarget;
			buildConfigurationList = 2B49A9112CDA2A3300734789 /* Build configuration list for PBXNativeTarget "Care Chords" */;
			buildPhases = (
				2B49A8FF2CDA2A3100734789 /* Sources */,
				2B49A9002CDA2A3100734789 /* Frameworks */,
				2B49A9012CDA2A3100734789 /* Resources */,
			);
			buildRules = (
			);
			dependencies = (
			);
			name = "Care Chords";
			packageProductDependencies = (
				2B48C3182CE250BD00AB08D9 /* SpotifyAPI */,
				2B48C31E2CE2516700AB08D9 /* KeychainAccess */,
			);
			productName = SleepStream;
			productReference = 2B49A9032CDA2A3100734789 /* Care Chords.app */;
			productType = "com.apple.product-type.application";
		};
/* End PBXNativeTarget section */

/* Begin PBXProject section */
		2B49A8FB2CDA2A3100734789 /* Project object */ = {
			isa = PBXProject;
			attributes = {
				BuildIndependentTargetsInParallel = 1;
				LastSwiftUpdateCheck = 1520;
				LastUpgradeCheck = 1520;
				TargetAttributes = {
					2B49A9022CDA2A3100734789 = {
						CreatedOnToolsVersion = 15.2;
						LastSwiftMigration = 1520;
					};
				};
			};
			buildConfigurationList = 2B49A8FE2CDA2A3100734789 /* Build configuration list for PBXProject "Care Chords" */;
			compatibilityVersion = "Xcode 14.0";
			developmentRegion = en;
			hasScannedForEncodings = 0;
			knownRegions = (
				en,
				Base,
			);
			mainGroup = 2B49A8FA2CDA2A3100734789;
			packageReferences = (
				2B48C3172CE250BD00AB08D9 /* XCRemoteSwiftPackageReference "SpotifyAPI" */,
				2B48C31D2CE2516700AB08D9 /* XCRemoteSwiftPackageReference "KeychainAccess" */,
			);
			productRefGroup = 2B49A9042CDA2A3100734789 /* Products */;
			projectDirPath = "";
			projectRoot = "";
			targets = (
				2B49A9022CDA2A3100734789 /* Care Chords */,
			);
		};
/* End PBXProject section */

/* Begin PBXResourcesBuildPhase section */
		2B49A9012CDA2A3100734789 /* Resources */ = {
			isa = PBXResourcesBuildPhase;
			buildActionMask = 2147483647;
			files = (
				2B49A90B2CDA2A3300734789 /* Assets.xcassets in Resources */,
			);
			runOnlyForDeploymentPostprocessing = 0;
		};
/* End PBXResourcesBuildPhase section */

/* Begin PBXSourcesBuildPhase section */
		2B49A8FF2CDA2A3100734789 /* Sources */ = {
			isa = PBXSourcesBuildPhase;
			buildActionMask = 2147483647;
			files = (
				2B0AE66B2CDFBD420073A036 /* NetworkService.swift in Sources */,
				2B1D17762CE63347001B6147 /* SleepTimerButton.swift in Sources */,
				2BB24D022CE8CB1000786E1C /* Path.swift in Sources */,
				2BB24D002CE8CAD800786E1C /* RoundedCornerRectangle.swift in Sources */,
				2B3BDCEE2D90523B00E38C36 /* OsMediaPlayerController.swift in Sources */,
				2B7020882ED63EB50002AD8E /* GStreamerBackend.m in Sources */,
				2B1D17782CE63378001B6147 /* MusicControlsView.swift in Sources */,
				2BF07AA02CDA6C2C007D56F7 /* AudioOutputController.swift in Sources */,
				2B35E86D2CE363B5000FC2D5 /* GStreamerController.swift in Sources */,
				2B1D177B2CE633C8001B6147 /* RemoteImage.swift in Sources */,
				2B0E02F32D8DB1DE00BD53AC /* Logger.swift in Sources */,
				2B86D4D12CF3837D00E79918 /* ShuffleButton.swift in Sources */,
				2B1D177F2CE634AD001B6147 /* Models.swift in Sources */,
				2BF07A952CDA497F007D56F7 /* GStreamerBackendDelegate.swift in Sources */,
				2BB24D042CE8D26300786E1C /* LiveStreamView.swift in Sources */,
				2BF07A942CDA497F007D56F7 /* GStreamerVideoBackend.m in Sources */,
				2B3BDCF02D90599A00E38C36 /* NowPlayingMediator.swift in Sources */,
				2BDAEF752CE76EF60075CC11 /* NowPlayingView.swift in Sources */,
				2B0AE66E2CDFBDBB0073A036 /* ViewModel.swift in Sources */,
				2B49A9212CDA2B1300734789 /* gst_ios_init.m in Sources */,
				2B48C31C2CE2510D00AB08D9 /* SpotifyController.swift in Sources */,
				2BDAEF712CE7616C0075CC11 /* ClearBackground.swift in Sources */,
				2B1D17812CE634CC001B6147 /* Color.swift in Sources */,
				2B49A9072CDA2A3100734789 /* SleepStreamApp.swift in Sources */,
				2B0AE6742CE0B9380073A036 /* MusicController.swift in Sources */,
				2B1D177D2CE6341A001B6147 /* PlaylistView.swift in Sources */,
				2BF07A9E2CDA6B46007D56F7 /* MainView.swift in Sources */,
				2B1D17862CE754B8001B6147 /* MuteButton.swift in Sources */,
				2BF07A982CDA4986007D56F7 /* UIViewWrapper.swift in Sources */,
				2BF07A9C2CDA6AA0007D56F7 /* GStreamerAudioBackend.m in Sources */,
				2BDAEF732CE76D750075CC11 /* TabPanel.swift in Sources */,
				2BF07A992CDA4986007D56F7 /* LiveStreamController.swift in Sources */,
				2B0AE6712CE0B2F20073A036 /* AudioState.swift in Sources */,
				2B1D17842CE74333001B6147 /* AudioOutputIcon.swift in Sources */,
			);
			runOnlyForDeploymentPostprocessing = 0;
		};
/* End PBXSourcesBuildPhase section */

/* Begin XCBuildConfiguration section */
		2B49A90F2CDA2A3300734789 /* Debug */ = {
			isa = XCBuildConfiguration;
			buildSettings = {
				ALWAYS_SEARCH_USER_PATHS = NO;
				ASSETCATALOG_COMPILER_GENERATE_SWIFT_ASSET_SYMBOL_EXTENSIONS = YES;
				CLANG_ANALYZER_NONNULL = YES;
				CLANG_ANALYZER_NUMBER_OBJECT_CONVERSION = YES_AGGRESSIVE;
				CLANG_CXX_LANGUAGE_STANDARD = "gnu++20";
				CLANG_ENABLE_MODULES = YES;
				CLANG_ENABLE_OBJC_ARC = YES;
				CLANG_ENABLE_OBJC_WEAK = YES;
				CLANG_WARN_BLOCK_CAPTURE_AUTORELEASING = YES;
				CLANG_WARN_BOOL_CONVERSION = YES;
				CLANG_WARN_COMMA = YES;
				CLANG_WARN_CONSTANT_CONVERSION = YES;
				CLANG_WARN_DEPRECATED_OBJC_IMPLEMENTATIONS = YES;
				CLANG_WARN_DIRECT_OBJC_ISA_USAGE = YES_ERROR;
				CLANG_WARN_DOCUMENTATION_COMMENTS = YES;
				CLANG_WARN_EMPTY_BODY = YES;
				CLANG_WARN_ENUM_CONVERSION = YES;
				CLANG_WARN_INFINITE_RECURSION = YES;
				CLANG_WARN_INT_CONVERSION = YES;
				CLANG_WARN_NON_LITERAL_NULL_CONVERSION = YES;
				CLANG_WARN_OBJC_IMPLICIT_RETAIN_SELF = YES;
				CLANG_WARN_OBJC_LITERAL_CONVERSION = YES;
				CLANG_WARN_OBJC_ROOT_CLASS = YES_ERROR;
				CLANG_WARN_QUOTED_INCLUDE_IN_FRAMEWORK_HEADER = YES;
				CLANG_WARN_RANGE_LOOP_ANALYSIS = YES;
				CLANG_WARN_STRICT_PROTOTYPES = YES;
				CLANG_WARN_SUSPICIOUS_MOVE = YES;
				CLANG_WARN_UNGUARDED_AVAILABILITY = YES_AGGRESSIVE;
				CLANG_WARN_UNREACHABLE_CODE = YES;
				CLANG_WARN__DUPLICATE_METHOD_MATCH = YES;
				COPY_PHASE_STRIP = NO;
				DEBUG_INFORMATION_FORMAT = dwarf;
				ENABLE_STRICT_OBJC_MSGSEND = YES;
				ENABLE_TESTABILITY = YES;
				ENABLE_USER_SCRIPT_SANDBOXING = YES;
				GCC_C_LANGUAGE_STANDARD = gnu17;
				GCC_DYNAMIC_NO_PIC = NO;
				GCC_NO_COMMON_BLOCKS = YES;
				GCC_OPTIMIZATION_LEVEL = 0;
				GCC_PREPROCESSOR_DEFINITIONS = (
					"DEBUG=1",
					"$(inherited)",
				);
				GCC_WARN_64_TO_32_BIT_CONVERSION = YES;
				GCC_WARN_ABOUT_RETURN_TYPE = YES_ERROR;
				GCC_WARN_UNDECLARED_SELECTOR = YES;
				GCC_WARN_UNINITIALIZED_AUTOS = YES_AGGRESSIVE;
				GCC_WARN_UNUSED_FUNCTION = YES;
				GCC_WARN_UNUSED_VARIABLE = YES;
				IPHONEOS_DEPLOYMENT_TARGET = 16.0;
				LOCALIZATION_PREFERS_STRING_CATALOGS = YES;
				MTL_ENABLE_DEBUG_INFO = INCLUDE_SOURCE;
				MTL_FAST_MATH = YES;
				ONLY_ACTIVE_ARCH = YES;
				SDKROOT = iphoneos;
				SWIFT_ACTIVE_COMPILATION_CONDITIONS = "DEBUG $(inherited)";
				SWIFT_OPTIMIZATION_LEVEL = "-Onone";
			};
			name = Debug;
		};
		2B49A9102CDA2A3300734789 /* Release */ = {
			isa = XCBuildConfiguration;
			buildSettings = {
				ALWAYS_SEARCH_USER_PATHS = NO;
				ASSETCATALOG_COMPILER_GENERATE_SWIFT_ASSET_SYMBOL_EXTENSIONS = YES;
				CLANG_ANALYZER_NONNULL = YES;
				CLANG_ANALYZER_NUMBER_OBJECT_CONVERSION = YES_AGGRESSIVE;
				CLANG_CXX_LANGUAGE_STANDARD = "gnu++20";
				CLANG_ENABLE_MODULES = YES;
				CLANG_ENABLE_OBJC_ARC = YES;
				CLANG_ENABLE_OBJC_WEAK = YES;
				CLANG_WARN_BLOCK_CAPTURE_AUTORELEASING = YES;
				CLANG_WARN_BOOL_CONVERSION = YES;
				CLANG_WARN_COMMA = YES;
				CLANG_WARN_CONSTANT_CONVERSION = YES;
				CLANG_WARN_DEPRECATED_OBJC_IMPLEMENTATIONS = YES;
				CLANG_WARN_DIRECT_OBJC_ISA_USAGE = YES_ERROR;
				CLANG_WARN_DOCUMENTATION_COMMENTS = YES;
				CLANG_WARN_EMPTY_BODY = YES;
				CLANG_WARN_ENUM_CONVERSION = YES;
				CLANG_WARN_INFINITE_RECURSION = YES;
				CLANG_WARN_INT_CONVERSION = YES;
				CLANG_WARN_NON_LITERAL_NULL_CONVERSION = YES;
				CLANG_WARN_OBJC_IMPLICIT_RETAIN_SELF = YES;
				CLANG_WARN_OBJC_LITERAL_CONVERSION = YES;
				CLANG_WARN_OBJC_ROOT_CLASS = YES_ERROR;
				CLANG_WARN_QUOTED_INCLUDE_IN_FRAMEWORK_HEADER = YES;
				CLANG_WARN_RANGE_LOOP_ANALYSIS = YES;
				CLANG_WARN_STRICT_PROTOTYPES = YES;
				CLANG_WARN_SUSPICIOUS_MOVE = YES;
				CLANG_WARN_UNGUARDED_AVAILABILITY = YES_AGGRESSIVE;
				CLANG_WARN_UNREACHABLE_CODE = YES;
				CLANG_WARN__DUPLICATE_METHOD_MATCH = YES;
				COPY_PHASE_STRIP = NO;
				DEBUG_INFORMATION_FORMAT = "dwarf-with-dsym";
				ENABLE_NS_ASSERTIONS = NO;
				ENABLE_STRICT_OBJC_MSGSEND = YES;
				ENABLE_USER_SCRIPT_SANDBOXING = YES;
				GCC_C_LANGUAGE_STANDARD = gnu17;
				GCC_NO_COMMON_BLOCKS = YES;
				GCC_WARN_64_TO_32_BIT_CONVERSION = YES;
				GCC_WARN_ABOUT_RETURN_TYPE = YES_ERROR;
				GCC_WARN_UNDECLARED_SELECTOR = YES;
				GCC_WARN_UNINITIALIZED_AUTOS = YES_AGGRESSIVE;
				GCC_WARN_UNUSED_FUNCTION = YES;
				GCC_WARN_UNUSED_VARIABLE = YES;
				IPHONEOS_DEPLOYMENT_TARGET = 16.0;
				LOCALIZATION_PREFERS_STRING_CATALOGS = YES;
				MTL_ENABLE_DEBUG_INFO = NO;
				MTL_FAST_MATH = YES;
				SDKROOT = iphoneos;
				SWIFT_COMPILATION_MODE = wholemodule;
				VALIDATE_PRODUCT = YES;
			};
			name = Release;
		};
		2B49A9122CDA2A3300734789 /* Debug */ = {
			isa = XCBuildConfiguration;
			buildSettings = {
				ASSETCATALOG_COMPILER_APPICON_NAME = AppIcon;
				ASSETCATALOG_COMPILER_GLOBAL_ACCENT_COLOR_NAME = AccentColor;
				CLANG_ENABLE_MODULES = YES;
				CODE_SIGN_STYLE = Automatic;
				CURRENT_PROJECT_VERSION = 2;
				DEVELOPMENT_ASSET_PATHS = "";
				DEVELOPMENT_TEAM = L23NTUN6KV;
				ENABLE_PREVIEWS = YES;
				FRAMEWORK_SEARCH_PATHS = (
					"$(inherited)",
					"$(PROJECT_DIR)",
					/Users/wesley/Library/Developer/GStreamer/iPhone.sdk/,
				);
				GENERATE_INFOPLIST_FILE = YES;
				HEADER_SEARCH_PATHS = /Users/wesley/Library/Developer/GStreamer/iPhone.sdk/GStreamer.framework/Headers;
				INFOPLIST_FILE = SleepStream/Info.plist;
				INFOPLIST_KEY_CFBundleDisplayName = "Care Chords";
				INFOPLIST_KEY_UIApplicationSceneManifest_Generation = YES;
				INFOPLIST_KEY_UIApplicationSupportsIndirectInputEvents = YES;
				INFOPLIST_KEY_UILaunchScreen_Generation = YES;
				INFOPLIST_KEY_UISupportedInterfaceOrientations = UIInterfaceOrientationPortrait;
				INFOPLIST_KEY_UISupportedInterfaceOrientations_iPad = "UIInterfaceOrientationLandscapeLeft UIInterfaceOrientationLandscapeRight UIInterfaceOrientationPortrait UIInterfaceOrientationPortraitUpsideDown";
				LD_RUNPATH_SEARCH_PATHS = (
					"$(inherited)",
					"@executable_path/Frameworks",
				);
				LIBRARY_SEARCH_PATHS = /Users/wesley/Library/Developer/GStreamer/iPhone.sdk;
				MARKETING_VERSION = 1.4;
				OTHER_LDFLAGS = (
					"-lresolv",
					"-lc++",
					"-framework",
					CoreFoundation,
					"-framework",
					Foundation,
					"-framework",
					AVFoundation,
					"-framework",
					CoreMedia,
					"-framework",
					CoreVideo,
					"-framework",
					CoreAudio,
					"-framework",
					AudioToolbox,
					"-framework",
					OpenGLES,
					"-framework",
					AssetsLibrary,
					"-framework",
					QuartzCore,
					"-framework",
					AssetsLibrary,
					"-weak_framework",
					VideoToolBox,
					"-framework",
					CoreText,
					"-framework",
					Metal,
					"-framework",
					IOSurface,
				);
				PRODUCT_BUNDLE_IDENTIFIER = com.bitechular.CareChords;
				PRODUCT_NAME = "$(TARGET_NAME)";
				SWIFT_EMIT_LOC_STRINGS = YES;
				SWIFT_OBJC_BRIDGING_HEADER = "SleepStream/GStreamer/SleepStream-Bridging-Header.h";
				SWIFT_OPTIMIZATION_LEVEL = "-Onone";
				SWIFT_VERSION = 5.0;
				TARGETED_DEVICE_FAMILY = "1,2";
			};
			name = Debug;
		};
		2B49A9132CDA2A3300734789 /* Release */ = {
			isa = XCBuildConfiguration;
			buildSettings = {
				ASSETCATALOG_COMPILER_APPICON_NAME = AppIcon;
				ASSETCATALOG_COMPILER_GLOBAL_ACCENT_COLOR_NAME = AccentColor;
				CLANG_ENABLE_MODULES = YES;
				CODE_SIGN_STYLE = Automatic;
				CURRENT_PROJECT_VERSION = 2;
				DEVELOPMENT_ASSET_PATHS = "";
				DEVELOPMENT_TEAM = L23NTUN6KV;
				ENABLE_ONLY_ACTIVE_RESOURCES = YES;
				ENABLE_PREVIEWS = YES;
				FRAMEWORK_SEARCH_PATHS = (
					"$(inherited)",
					"$(PROJECT_DIR)",
					/Users/wesley/Library/Developer/GStreamer/iPhone.sdk/,
				);
				GENERATE_INFOPLIST_FILE = YES;
				HEADER_SEARCH_PATHS = /Users/wesley/Library/Developer/GStreamer/iPhone.sdk/GStreamer.framework/Headers;
				INFOPLIST_FILE = SleepStream/Info.plist;
				INFOPLIST_KEY_CFBundleDisplayName = "Care Chords";
				INFOPLIST_KEY_UIApplicationSceneManifest_Generation = YES;
				INFOPLIST_KEY_UIApplicationSupportsIndirectInputEvents = YES;
				INFOPLIST_KEY_UILaunchScreen_Generation = YES;
				INFOPLIST_KEY_UISupportedInterfaceOrientations = UIInterfaceOrientationPortrait;
				INFOPLIST_KEY_UISupportedInterfaceOrientations_iPad = "UIInterfaceOrientationLandscapeLeft UIInterfaceOrientationLandscapeRight UIInterfaceOrientationPortrait UIInterfaceOrientationPortraitUpsideDown";
				LD_RUNPATH_SEARCH_PATHS = (
					"$(inherited)",
					"@executable_path/Frameworks",
				);
				LIBRARY_SEARCH_PATHS = /Users/wesley/Library/Developer/GStreamer/iPhone.sdk;
				MARKETING_VERSION = 1.4;
				OTHER_LDFLAGS = (
					"-lresolv",
					"-lc++",
					"-framework",
					CoreFoundation,
					"-framework",
					Foundation,
					"-framework",
					AVFoundation,
					"-framework",
					CoreMedia,
					"-framework",
					CoreVideo,
					"-framework",
					CoreAudio,
					"-framework",
					AudioToolbox,
					"-framework",
					OpenGLES,
					"-framework",
					AssetsLibrary,
					"-framework",
					QuartzCore,
					"-framework",
					AssetsLibrary,
					"-weak_framework",
					VideoToolBox,
					"-framework",
					CoreText,
					"-framework",
					Metal,
					"-framework",
					IOSurface,
				);
				PRODUCT_BUNDLE_IDENTIFIER = com.bitechular.CareChords;
				PRODUCT_NAME = "$(TARGET_NAME)";
				SWIFT_EMIT_LOC_STRINGS = YES;
				SWIFT_OBJC_BRIDGING_HEADER = "SleepStream/GStreamer/SleepStream-Bridging-Header.h";
				SWIFT_VERSION = 5.0;
				TARGETED_DEVICE_FAMILY = "1,2";
			};
			name = Release;
		};
/* End XCBuildConfiguration section */

/* Begin XCConfigurationList section */
		2B49A8FE2CDA2A3100734789 /* Build configuration list for PBXProject "Care Chords" */ = {
			isa = XCConfigurationList;
			buildConfigurations = (
				2B49A90F2CDA2A3300734789 /* Debug */,
				2B49A9102CDA2A3300734789 /* Release */,
			);
			defaultConfigurationIsVisible = 0;
			defaultConfigurationName = Release;
		};
		2B49A9112CDA2A3300734789 /* Build configuration list for PBXNativeTarget "Care Chords" */ = {
			isa = XCConfigurationList;
			buildConfigurations = (
				2B49A9122CDA2A3300734789 /* Debug */,
				2B49A9132CDA2A3300734789 /* Release */,
			);
			defaultConfigurationIsVisible = 0;
			defaultConfigurationName = Release;
		};
/* End XCConfigurationList section */

/* Begin XCRemoteSwiftPackageReference section */
		2B48C3172CE250BD00AB08D9 /* XCRemoteSwiftPackageReference "SpotifyAPI" */ = {
			isa = XCRemoteSwiftPackageReference;
			repositoryURL = "https://github.com/Peter-Schorn/SpotifyAPI";
			requirement = {
				kind = upToNextMajorVersion;
				minimumVersion = 3.0.3;
			};
		};
		2B48C31D2CE2516700AB08D9 /* XCRemoteSwiftPackageReference "KeychainAccess" */ = {
			isa = XCRemoteSwiftPackageReference;
			repositoryURL = "https://github.com/kishikawakatsumi/KeychainAccess";
			requirement = {
				branch = master;
				kind = branch;
			};
		};
/* End XCRemoteSwiftPackageReference section */

/* Begin XCSwiftPackageProductDependency section */
		2B48C3182CE250BD00AB08D9 /* SpotifyAPI */ = {
			isa = XCSwiftPackageProductDependency;
			package = 2B48C3172CE250BD00AB08D9 /* XCRemoteSwiftPackageReference "SpotifyAPI" */;
			productName = SpotifyAPI;
		};
		2B48C31E2CE2516700AB08D9 /* KeychainAccess */ = {
			isa = XCSwiftPackageProductDependency;
			package = 2B48C31D2CE2516700AB08D9 /* XCRemoteSwiftPackageReference "KeychainAccess" */;
			productName = KeychainAccess;
		};
/* End XCSwiftPackageProductDependency section */
	};
	rootObject = 2B49A8FB2CDA2A3100734789 /* Project object */;
}
