// !$*UTF8*$!
{
	archiveVersion = 1;
	classes = {
	};
	objectVersion = 56;
	objects = {

/* Begin PBXBuildFile section */
		2B1F2A432CCA481C00F285DC /* gstreamer_testApp.swift in Sources */ = {isa = PBXBuildFile; fileRef = 2B1F2A422CCA481C00F285DC /* gstreamer_testApp.swift */; };
		2B1F2A452CCA481C00F285DC /* ContentView.swift in Sources */ = {isa = PBXBuildFile; fileRef = 2B1F2A442CCA481C00F285DC /* ContentView.swift */; };
		2B1F2A472CCA481E00F285DC /* Assets.xcassets in Resources */ = {isa = PBXBuildFile; fileRef = 2B1F2A462CCA481E00F285DC /* Assets.xcassets */; };
		2B1F2A4A2CCA481E00F285DC /* Preview Assets.xcassets in Resources */ = {isa = PBXBuildFile; fileRef = 2B1F2A492CCA481E00F285DC /* Preview Assets.xcassets */; };
		2B1F2A522CCA484D00F285DC /* GStreamer.framework in Frameworks */ = {isa = PBXBuildFile; fileRef = 2B1F2A512CCA484D00F285DC /* GStreamer.framework */; };
		2B1F2A532CCA484D00F285DC /* GStreamer.framework in Embed Frameworks */ = {isa = PBXBuildFile; fileRef = 2B1F2A512CCA484D00F285DC /* GStreamer.framework */; settings = {ATTRIBUTES = (CodeSignOnCopy, RemoveHeadersOnCopy, ); }; };
		2B1F2A562CCA48BD00F285DC /* bridging-header.h in Sources */ = {isa = PBXBuildFile; fileRef = 2B1F2A552CCA486500F285DC /* bridging-header.h */; };
		2B1F2A582CCA79E700F285DC /* libiconv.2.tbd in Frameworks */ = {isa = PBXBuildFile; fileRef = 2B1F2A572CCA79BE00F285DC /* libiconv.2.tbd */; };
		2B1F2A5A2CCA7A5400F285DC /* GStreamerController.swift in Sources */ = {isa = PBXBuildFile; fileRef = 2B1F2A592CCA7A5400F285DC /* GStreamerController.swift */; };
		2B1F2A5C2CCA7EE000F285DC /* GStreamerView.swift in Sources */ = {isa = PBXBuildFile; fileRef = 2B1F2A5B2CCA7EE000F285DC /* GStreamerView.swift */; };
		2B1F2A5F2CCA836700F285DC /* gst_ios_init.m in Sources */ = {isa = PBXBuildFile; fileRef = 2B1F2A5E2CCA836700F285DC /* gst_ios_init.m */; };
/* End PBXBuildFile section */

/* Begin PBXCopyFilesBuildPhase section */
		2B1F2A542CCA484D00F285DC /* Embed Frameworks */ = {
			isa = PBXCopyFilesBuildPhase;
			buildActionMask = 12;
			dstPath = "";
			dstSubfolderSpec = 10;
			files = (
				2B1F2A532CCA484D00F285DC /* GStreamer.framework in Embed Frameworks */,
			);
			name = "Embed Frameworks";
			runOnlyForDeploymentPostprocessing = 0;
		};
/* End PBXCopyFilesBuildPhase section */

/* Begin PBXFileReference section */
		2B1F2A3F2CCA481C00F285DC /* gstreamer-test.app */ = {isa = PBXFileReference; explicitFileType = wrapper.application; includeInIndex = 0; path = "gstreamer-test.app"; sourceTree = BUILT_PRODUCTS_DIR; };
		2B1F2A422CCA481C00F285DC /* gstreamer_testApp.swift */ = {isa = PBXFileReference; lastKnownFileType = sourcecode.swift; path = gstreamer_testApp.swift; sourceTree = "<group>"; };
		2B1F2A442CCA481C00F285DC /* ContentView.swift */ = {isa = PBXFileReference; lastKnownFileType = sourcecode.swift; path = ContentView.swift; sourceTree = "<group>"; };
		2B1F2A462CCA481E00F285DC /* Assets.xcassets */ = {isa = PBXFileReference; lastKnownFileType = folder.assetcatalog; path = Assets.xcassets; sourceTree = "<group>"; };
		2B1F2A492CCA481E00F285DC /* Preview Assets.xcassets */ = {isa = PBXFileReference; lastKnownFileType = folder.assetcatalog; path = "Preview Assets.xcassets"; sourceTree = "<group>"; };
		2B1F2A512CCA484D00F285DC /* GStreamer.framework */ = {isa = PBXFileReference; lastKnownFileType = wrapper.framework; name = GStreamer.framework; path = ../../../../Library/Developer/GStreamer/iPhone.sdk/GStreamer.framework; sourceTree = "<group>"; };
		2B1F2A552CCA486500F285DC /* bridging-header.h */ = {isa = PBXFileReference; lastKnownFileType = sourcecode.c.h; path = "bridging-header.h"; sourceTree = "<group>"; };
		2B1F2A572CCA79BE00F285DC /* libiconv.2.tbd */ = {isa = PBXFileReference; lastKnownFileType = "sourcecode.text-based-dylib-definition"; name = libiconv.2.tbd; path = usr/lib/libiconv.2.tbd; sourceTree = SDKROOT; };
		2B1F2A592CCA7A5400F285DC /* GStreamerController.swift */ = {isa = PBXFileReference; lastKnownFileType = sourcecode.swift; path = GStreamerController.swift; sourceTree = "<group>"; };
		2B1F2A5B2CCA7EE000F285DC /* GStreamerView.swift */ = {isa = PBXFileReference; lastKnownFileType = sourcecode.swift; path = GStreamerView.swift; sourceTree = "<group>"; };
		2B1F2A5D2CCA836600F285DC /* gst_ios_init.h */ = {isa = PBXFileReference; fileEncoding = 4; lastKnownFileType = sourcecode.c.h; path = gst_ios_init.h; sourceTree = "<group>"; };
		2B1F2A5E2CCA836700F285DC /* gst_ios_init.m */ = {isa = PBXFileReference; fileEncoding = 4; lastKnownFileType = sourcecode.c.objc; path = gst_ios_init.m; sourceTree = "<group>"; };
/* End PBXFileReference section */

/* Begin PBXFrameworksBuildPhase section */
		2B1F2A3C2CCA481C00F285DC /* Frameworks */ = {
			isa = PBXFrameworksBuildPhase;
			buildActionMask = 2147483647;
			files = (
				2B1F2A582CCA79E700F285DC /* libiconv.2.tbd in Frameworks */,
				2B1F2A522CCA484D00F285DC /* GStreamer.framework in Frameworks */,
			);
			runOnlyForDeploymentPostprocessing = 0;
		};
/* End PBXFrameworksBuildPhase section */

/* Begin PBXGroup section */
		2B1F2A362CCA481C00F285DC = {
			isa = PBXGroup;
			children = (
				2B1F2A412CCA481C00F285DC /* gstreamer-test */,
				2B1F2A402CCA481C00F285DC /* Products */,
				2B1F2A502CCA484D00F285DC /* Frameworks */,
			);
			sourceTree = "<group>";
		};
		2B1F2A402CCA481C00F285DC /* Products */ = {
			isa = PBXGroup;
			children = (
				2B1F2A3F2CCA481C00F285DC /* gstreamer-test.app */,
			);
			name = Products;
			sourceTree = "<group>";
		};
		2B1F2A412CCA481C00F285DC /* gstreamer-test */ = {
			isa = PBXGroup;
			children = (
				2B1F2A5D2CCA836600F285DC /* gst_ios_init.h */,
				2B1F2A5E2CCA836700F285DC /* gst_ios_init.m */,
				2B1F2A422CCA481C00F285DC /* gstreamer_testApp.swift */,
				2B1F2A442CCA481C00F285DC /* ContentView.swift */,
				2B1F2A462CCA481E00F285DC /* Assets.xcassets */,
				2B1F2A482CCA481E00F285DC /* Preview Content */,
				2B1F2A552CCA486500F285DC /* bridging-header.h */,
				2B1F2A592CCA7A5400F285DC /* GStreamerController.swift */,
				2B1F2A5B2CCA7EE000F285DC /* GStreamerView.swift */,
			);
			path = "gstreamer-test";
			sourceTree = "<group>";
		};
		2B1F2A482CCA481E00F285DC /* Preview Content */ = {
			isa = PBXGroup;
			children = (
				2B1F2A492CCA481E00F285DC /* Preview Assets.xcassets */,
			);
			path = "Preview Content";
			sourceTree = "<group>";
		};
		2B1F2A502CCA484D00F285DC /* Frameworks */ = {
			isa = PBXGroup;
			children = (
				2B1F2A572CCA79BE00F285DC /* libiconv.2.tbd */,
				2B1F2A512CCA484D00F285DC /* GStreamer.framework */,
			);
			name = Frameworks;
			sourceTree = "<group>";
		};
/* End PBXGroup section */

/* Begin PBXNativeTarget section */
		2B1F2A3E2CCA481C00F285DC /* gstreamer-test */ = {
			isa = PBXNativeTarget;
			buildConfigurationList = 2B1F2A4D2CCA481E00F285DC /* Build configuration list for PBXNativeTarget "gstreamer-test" */;
			buildPhases = (
				2B1F2A3B2CCA481C00F285DC /* Sources */,
				2B1F2A3C2CCA481C00F285DC /* Frameworks */,
				2B1F2A3D2CCA481C00F285DC /* Resources */,
				2B1F2A542CCA484D00F285DC /* Embed Frameworks */,
			);
			buildRules = (
			);
			dependencies = (
			);
			name = "gstreamer-test";
			productName = "gstreamer-test";
			productReference = 2B1F2A3F2CCA481C00F285DC /* gstreamer-test.app */;
			productType = "com.apple.product-type.application";
		};
/* End PBXNativeTarget section */

/* Begin PBXProject section */
		2B1F2A372CCA481C00F285DC /* Project object */ = {
			isa = PBXProject;
			attributes = {
				BuildIndependentTargetsInParallel = 1;
				LastSwiftUpdateCheck = 1520;
				LastUpgradeCheck = 1520;
				TargetAttributes = {
					2B1F2A3E2CCA481C00F285DC = {
						CreatedOnToolsVersion = 15.2;
					};
				};
			};
			buildConfigurationList = 2B1F2A3A2CCA481C00F285DC /* Build configuration list for PBXProject "gstreamer-test" */;
			compatibilityVersion = "Xcode 14.0";
			developmentRegion = en;
			hasScannedForEncodings = 0;
			knownRegions = (
				en,
				Base,
			);
			mainGroup = 2B1F2A362CCA481C00F285DC;
			productRefGroup = 2B1F2A402CCA481C00F285DC /* Products */;
			projectDirPath = "";
			projectRoot = "";
			targets = (
				2B1F2A3E2CCA481C00F285DC /* gstreamer-test */,
			);
		};
/* End PBXProject section */

/* Begin PBXResourcesBuildPhase section */
		2B1F2A3D2CCA481C00F285DC /* Resources */ = {
			isa = PBXResourcesBuildPhase;
			buildActionMask = 2147483647;
			files = (
				2B1F2A4A2CCA481E00F285DC /* Preview Assets.xcassets in Resources */,
				2B1F2A472CCA481E00F285DC /* Assets.xcassets in Resources */,
			);
			runOnlyForDeploymentPostprocessing = 0;
		};
/* End PBXResourcesBuildPhase section */

/* Begin PBXSourcesBuildPhase section */
		2B1F2A3B2CCA481C00F285DC /* Sources */ = {
			isa = PBXSourcesBuildPhase;
			buildActionMask = 2147483647;
			files = (
				2B1F2A562CCA48BD00F285DC /* bridging-header.h in Sources */,
				2B1F2A5C2CCA7EE000F285DC /* GStreamerView.swift in Sources */,
				2B1F2A5F2CCA836700F285DC /* gst_ios_init.m in Sources */,
				2B1F2A452CCA481C00F285DC /* ContentView.swift in Sources */,
				2B1F2A5A2CCA7A5400F285DC /* GStreamerController.swift in Sources */,
				2B1F2A432CCA481C00F285DC /* gstreamer_testApp.swift in Sources */,
			);
			runOnlyForDeploymentPostprocessing = 0;
		};
/* End PBXSourcesBuildPhase section */

/* Begin XCBuildConfiguration section */
		2B1F2A4B2CCA481E00F285DC /* Debug */ = {
			isa = XCBuildConfiguration;
			buildSettings = {
				ALWAYS_SEARCH_USER_PATHS = NO;
				ASSETCATALOG_COMPILER_GENERATE_SWIFT_ASSET_SYMBOL_EXTENSIONS = YES;
				CLANG_ANALYZER_NONNULL = YES;
				CLANG_ANALYZER_NUMBER_OBJECT_CONVERSION = YES_AGGRESSIVE;
				CLANG_CXX_LANGUAGE_STANDARD = "gnu++20";
				CLANG_ENABLE_MODULES = YES;
				CLANG_ENABLE_OBJC_ARC = YES;
				CLANG_ENABLE_OBJC_WEAK = YES;
				CLANG_WARN_BLOCK_CAPTURE_AUTORELEASING = YES;
				CLANG_WARN_BOOL_CONVERSION = YES;
				CLANG_WARN_COMMA = YES;
				CLANG_WARN_CONSTANT_CONVERSION = YES;
				CLANG_WARN_DEPRECATED_OBJC_IMPLEMENTATIONS = YES;
				CLANG_WARN_DIRECT_OBJC_ISA_USAGE = YES_ERROR;
				CLANG_WARN_DOCUMENTATION_COMMENTS = YES;
				CLANG_WARN_EMPTY_BODY = YES;
				CLANG_WARN_ENUM_CONVERSION = YES;
				CLANG_WARN_INFINITE_RECURSION = YES;
				CLANG_WARN_INT_CONVERSION = YES;
				CLANG_WARN_NON_LITERAL_NULL_CONVERSION = YES;
				CLANG_WARN_OBJC_IMPLICIT_RETAIN_SELF = YES;
				CLANG_WARN_OBJC_LITERAL_CONVERSION = YES;
				CLANG_WARN_OBJC_ROOT_CLASS = YES_ERROR;
				CLANG_WARN_QUOTED_INCLUDE_IN_FRAMEWORK_HEADER = YES;
				CLANG_WARN_RANGE_LOOP_ANALYSIS = YES;
				CLANG_WARN_STRICT_PROTOTYPES = YES;
				CLANG_WARN_SUSPICIOUS_MOVE = YES;
				CLANG_WARN_UNGUARDED_AVAILABILITY = YES_AGGRESSIVE;
				CLANG_WARN_UNREACHABLE_CODE = YES;
				CLANG_WARN__DUPLICATE_METHOD_MATCH = YES;
				COPY_PHASE_STRIP = NO;
				DEBUG_INFORMATION_FORMAT = dwarf;
				ENABLE_STRICT_OBJC_MSGSEND = YES;
				ENABLE_TESTABILITY = YES;
				ENABLE_USER_SCRIPT_SANDBOXING = YES;
				GCC_C_LANGUAGE_STANDARD = gnu17;
				GCC_DYNAMIC_NO_PIC = NO;
				GCC_NO_COMMON_BLOCKS = YES;
				GCC_OPTIMIZATION_LEVEL = 0;
				GCC_PREPROCESSOR_DEFINITIONS = (
					"DEBUG=1",
					"$(inherited)",
				);
				GCC_WARN_64_TO_32_BIT_CONVERSION = YES;
				GCC_WARN_ABOUT_RETURN_TYPE = YES_ERROR;
				GCC_WARN_UNDECLARED_SELECTOR = YES;
				GCC_WARN_UNINITIALIZED_AUTOS = YES_AGGRESSIVE;
				GCC_WARN_UNUSED_FUNCTION = YES;
				GCC_WARN_UNUSED_VARIABLE = YES;
				IPHONEOS_DEPLOYMENT_TARGET = 17.2;
				LOCALIZATION_PREFERS_STRING_CATALOGS = YES;
				MTL_ENABLE_DEBUG_INFO = INCLUDE_SOURCE;
				MTL_FAST_MATH = YES;
				ONLY_ACTIVE_ARCH = YES;
				SDKROOT = iphoneos;
				SWIFT_ACTIVE_COMPILATION_CONDITIONS = "DEBUG $(inherited)";
				SWIFT_OPTIMIZATION_LEVEL = "-Onone";
			};
			name = Debug;
		};
		2B1F2A4C2CCA481E00F285DC /* Release */ = {
			isa = XCBuildConfiguration;
			buildSettings = {
				ALWAYS_SEARCH_USER_PATHS = NO;
				ASSETCATALOG_COMPILER_GENERATE_SWIFT_ASSET_SYMBOL_EXTENSIONS = YES;
				CLANG_ANALYZER_NONNULL = YES;
				CLANG_ANALYZER_NUMBER_OBJECT_CONVERSION = YES_AGGRESSIVE;
				CLANG_CXX_LANGUAGE_STANDARD = "gnu++20";
				CLANG_ENABLE_MODULES = YES;
				CLANG_ENABLE_OBJC_ARC = YES;
				CLANG_ENABLE_OBJC_WEAK = YES;
				CLANG_WARN_BLOCK_CAPTURE_AUTORELEASING = YES;
				CLANG_WARN_BOOL_CONVERSION = YES;
				CLANG_WARN_COMMA = YES;
				CLANG_WARN_CONSTANT_CONVERSION = YES;
				CLANG_WARN_DEPRECATED_OBJC_IMPLEMENTATIONS = YES;
				CLANG_WARN_DIRECT_OBJC_ISA_USAGE = YES_ERROR;
				CLANG_WARN_DOCUMENTATION_COMMENTS = YES;
				CLANG_WARN_EMPTY_BODY = YES;
				CLANG_WARN_ENUM_CONVERSION = YES;
				CLANG_WARN_INFINITE_RECURSION = YES;
				CLANG_WARN_INT_CONVERSION = YES;
				CLANG_WARN_NON_LITERAL_NULL_CONVERSION = YES;
				CLANG_WARN_OBJC_IMPLICIT_RETAIN_SELF = YES;
				CLANG_WARN_OBJC_LITERAL_CONVERSION = YES;
				CLANG_WARN_OBJC_ROOT_CLASS = YES_ERROR;
				CLANG_WARN_QUOTED_INCLUDE_IN_FRAMEWORK_HEADER = YES;
				CLANG_WARN_RANGE_LOOP_ANALYSIS = YES;
				CLANG_WARN_STRICT_PROTOTYPES = YES;
				CLANG_WARN_SUSPICIOUS_MOVE = YES;
				CLANG_WARN_UNGUARDED_AVAILABILITY = YES_AGGRESSIVE;
				CLANG_WARN_UNREACHABLE_CODE = YES;
				CLANG_WARN__DUPLICATE_METHOD_MATCH = YES;
				COPY_PHASE_STRIP = NO;
				DEBUG_INFORMATION_FORMAT = "dwarf-with-dsym";
				ENABLE_NS_ASSERTIONS = NO;
				ENABLE_STRICT_OBJC_MSGSEND = YES;
				ENABLE_USER_SCRIPT_SANDBOXING = YES;
				GCC_C_LANGUAGE_STANDARD = gnu17;
				GCC_NO_COMMON_BLOCKS = YES;
				GCC_WARN_64_TO_32_BIT_CONVERSION = YES;
				GCC_WARN_ABOUT_RETURN_TYPE = YES_ERROR;
				GCC_WARN_UNDECLARED_SELECTOR = YES;
				GCC_WARN_UNINITIALIZED_AUTOS = YES_AGGRESSIVE;
				GCC_WARN_UNUSED_FUNCTION = YES;
				GCC_WARN_UNUSED_VARIABLE = YES;
				IPHONEOS_DEPLOYMENT_TARGET = 17.2;
				LOCALIZATION_PREFERS_STRING_CATALOGS = YES;
				MTL_ENABLE_DEBUG_INFO = NO;
				MTL_FAST_MATH = YES;
				SDKROOT = iphoneos;
				SWIFT_COMPILATION_MODE = wholemodule;
				VALIDATE_PRODUCT = YES;
			};
			name = Release;
		};
		2B1F2A4E2CCA481E00F285DC /* Debug */ = {
			isa = XCBuildConfiguration;
			buildSettings = {
				ASSETCATALOG_COMPILER_APPICON_NAME = AppIcon;
				ASSETCATALOG_COMPILER_GLOBAL_ACCENT_COLOR_NAME = AccentColor;
				CODE_SIGN_STYLE = Automatic;
				CURRENT_PROJECT_VERSION = 1;
				DEVELOPMENT_ASSET_PATHS = "\"gstreamer-test/Preview Content\"";
				DEVELOPMENT_TEAM = L23NTUN6KV;
				ENABLE_PREVIEWS = YES;
				FRAMEWORK_SEARCH_PATHS = /Users/wesley/Library/Developer/GStreamer/iPhone.sdk/;
				GENERATE_INFOPLIST_FILE = YES;
				HEADER_SEARCH_PATHS = /Users/wesley/Library/Developer/GStreamer/iPhone.sdk/GStreamer.framework/Headers;
				INFOPLIST_KEY_UIApplicationSceneManifest_Generation = YES;
				INFOPLIST_KEY_UIApplicationSupportsIndirectInputEvents = YES;
				INFOPLIST_KEY_UILaunchScreen_Generation = YES;
				INFOPLIST_KEY_UISupportedInterfaceOrientations_iPad = "UIInterfaceOrientationPortrait UIInterfaceOrientationPortraitUpsideDown UIInterfaceOrientationLandscapeLeft UIInterfaceOrientationLandscapeRight";
				INFOPLIST_KEY_UISupportedInterfaceOrientations_iPhone = "UIInterfaceOrientationPortrait UIInterfaceOrientationLandscapeLeft UIInterfaceOrientationLandscapeRight";
				IPHONEOS_DEPLOYMENT_TARGET = 16.0;
				LD_RUNPATH_SEARCH_PATHS = (
					"$(inherited)",
					"@loader_path/Frameworks",
					"@executable_path/Frameworks",
				);
				LIBRARY_SEARCH_PATHS = "/Users/wesley/Library/Developer/GStreamer/iPhone.sdk/**";
				MARKETING_VERSION = 1.0;
				OTHER_LDFLAGS = (
					"-lresolv",
					"-lc++",
					"-framework",
					CoreFoundation,
					"-framework",
					Foundation,
					"-framework",
					AVFoundation,
					"-framework",
					CoreMedia,
					"-framework",
					CoreVideo,
					"-framework",
					CoreAudio,
					"-framework",
					AudioToolbox,
					"-framework",
					OpenGLES,
					"-framework",
					AssetsLibrary,
					"-framework",
					QuartzCore,
					"-framework",
					AssetsLibrary,
					"-weak_framework",
					VideoToolBox,
					"-framework",
					CoreText,
					"-framework",
					Metal,
					"-framework",
					IOSurface,
				);
				PRODUCT_BUNDLE_IDENTIFIER = "com.bitechular.gstreamer-test";
				PRODUCT_NAME = "$(TARGET_NAME)";
				SWIFT_EMIT_LOC_STRINGS = YES;
				SWIFT_OBJC_BRIDGING_HEADER = "$(SRCROOT)/gstreamer-test/bridging-header.h";
				SWIFT_PRECOMPILE_BRIDGING_HEADER = YES;
				SWIFT_VERSION = 5.0;
				TARGETED_DEVICE_FAMILY = "1,2";
			};
			name = Debug;
		};
		2B1F2A4F2CCA481E00F285DC /* Release */ = {
			isa = XCBuildConfiguration;
			buildSettings = {
				ASSETCATALOG_COMPILER_APPICON_NAME = AppIcon;
				ASSETCATALOG_COMPILER_GLOBAL_ACCENT_COLOR_NAME = AccentColor;
				CODE_SIGN_STYLE = Automatic;
				CURRENT_PROJECT_VERSION = 1;
				DEVELOPMENT_ASSET_PATHS = "\"gstreamer-test/Preview Content\"";
				DEVELOPMENT_TEAM = L23NTUN6KV;
				ENABLE_PREVIEWS = YES;
				FRAMEWORK_SEARCH_PATHS = /Users/wesley/Library/Developer/GStreamer/iPhone.sdk/;
				GENERATE_INFOPLIST_FILE = YES;
				HEADER_SEARCH_PATHS = /Users/wesley/Library/Developer/GStreamer/iPhone.sdk/GStreamer.framework/Headers;
				INFOPLIST_KEY_UIApplicationSceneManifest_Generation = YES;
				INFOPLIST_KEY_UIApplicationSupportsIndirectInputEvents = YES;
				INFOPLIST_KEY_UILaunchScreen_Generation = YES;
				INFOPLIST_KEY_UISupportedInterfaceOrientations_iPad = "UIInterfaceOrientationPortrait UIInterfaceOrientationPortraitUpsideDown UIInterfaceOrientationLandscapeLeft UIInterfaceOrientationLandscapeRight";
				INFOPLIST_KEY_UISupportedInterfaceOrientations_iPhone = "UIInterfaceOrientationPortrait UIInterfaceOrientationLandscapeLeft UIInterfaceOrientationLandscapeRight";
				IPHONEOS_DEPLOYMENT_TARGET = 16.0;
				LD_RUNPATH_SEARCH_PATHS = (
					"$(inherited)",
					"@loader_path/Frameworks",
					"@executable_path/Frameworks",
				);
				LIBRARY_SEARCH_PATHS = "/Users/wesley/Library/Developer/GStreamer/iPhone.sdk/**";
				MARKETING_VERSION = 1.0;
				OTHER_LDFLAGS = (
					"-lresolv",
					"-lc++",
					"-framework",
					CoreFoundation,
					"-framework",
					Foundation,
					"-framework",
					AVFoundation,
					"-framework",
					CoreMedia,
					"-framework",
					CoreVideo,
					"-framework",
					CoreAudio,
					"-framework",
					AudioToolbox,
					"-framework",
					OpenGLES,
					"-framework",
					AssetsLibrary,
					"-framework",
					QuartzCore,
					"-framework",
					AssetsLibrary,
					"-weak_framework",
					VideoToolBox,
					"-framework",
					CoreText,
					"-framework",
					Metal,
					"-framework",
					IOSurface,
				);
				PRODUCT_BUNDLE_IDENTIFIER = "com.bitechular.gstreamer-test";
				PRODUCT_NAME = "$(TARGET_NAME)";
				SWIFT_EMIT_LOC_STRINGS = YES;
				SWIFT_OBJC_BRIDGING_HEADER = "$(SRCROOT)/gstreamer-test/bridging-header.h";
				SWIFT_PRECOMPILE_BRIDGING_HEADER = YES;
				SWIFT_VERSION = 5.0;
				TARGETED_DEVICE_FAMILY = "1,2";
			};
			name = Release;
		};
/* End XCBuildConfiguration section */

/* Begin XCConfigurationList section */
		2B1F2A3A2CCA481C00F285DC /* Build configuration list for PBXProject "gstreamer-test" */ = {
			isa = XCConfigurationList;
			buildConfigurations = (
				2B1F2A4B2CCA481E00F285DC /* Debug */,
				2B1F2A4C2CCA481E00F285DC /* Release */,
			);
			defaultConfigurationIsVisible = 0;
			defaultConfigurationName = Release;
		};
		2B1F2A4D2CCA481E00F285DC /* Build configuration list for PBXNativeTarget "gstreamer-test" */ = {
			isa = XCConfigurationList;
			buildConfigurations = (
				2B1F2A4E2CCA481E00F285DC /* Debug */,
				2B1F2A4F2CCA481E00F285DC /* Release */,
			);
			defaultConfigurationIsVisible = 0;
			defaultConfigurationName = Release;
		};
/* End XCConfigurationList section */
	};
	rootObject = 2B1F2A372CCA481C00F285DC /* Project object */;
}
